
Microsoft Visual Studio Solution File, Format Version 12.00
# Visual Studio Version 17
VisualStudioVersion = 17.14.36401.2
MinimumVisualStudioVersion = 10.0.40219.1
Project("{C9674DCB-5085-4A16-B785-4C70DD1589BD}") = "TBSMigration", "TBSMigration.dtproj", "{B61072B4-E913-5374-374D-AA66EF273E9E}"
EndProject
Project("{2150E333-8FDC-42A3-9474-1A3956D46DE8}") = "01. Plugin", "01. Plugin", "{02EA681E-C7D8-13C7-8484-4AC65E1B71E8}"
EndProject
Project("{9A19103F-16F7-4668-BE54-9A1E7A4F7556}") = "Plugin.Logging", "Plugin.Logging\Plugin.Logging.csproj", "{2A6A4DD5-A080-4EDA-A232-AA028862B2BB}"
EndProject
Project("{9A19103F-16F7-4668-BE54-9A1E7A4F7556}") = "Plugin.SqlTool", "Plugin.SqlTool\Plugin.SqlTool.csproj", "{01AB7211-D791-4561-92BC-CFA4A185C7AA}"
EndProject
Project("{9A19103F-16F7-4668-BE54-9A1E7A4F7556}") = "PushStateCityMasterTOS", "PushStateCityMasterTOS\PushStateCityMasterTOS.csproj", "{71647C25-A0E8-4101-82AE-C99AD26E8B0B}"
EndProject
Project("{2150E333-8FDC-42A3-9474-1A3956D46DE8}") = "02. Service", "02. Service", "{2808DC71-92D4-4B50-B6CB-FCF35BC59919}"
EndProject
Project("{2150E333-8FDC-42A3-9474-1A3956D46DE8}") = "03. Constant", "03. Constant", "{11023177-B01F-46BC-8B73-BA941F20F15E}"
EndProject
Project("{9A19103F-16F7-4668-BE54-9A1E7A4F7556}") = "Constant", "Constant\Constant.csproj", "{95CB715C-ABC2-430F-AD8E-34A933E42A2F}"
EndProject
Project("{9A19103F-16F7-4668-BE54-9A1E7A4F7556}") = "PushTripTOS", "PushTripTOS\PushTripTOS.csproj", "{5C021738-0AB4-47D4-BD92-712214C3A34D}"
EndProject
Project("{2150E333-8FDC-42A3-9474-1A3956D46DE8}") = "PushMasterTOS", "PushMasterTOS", "{D84A1EEA-4E19-4F27-A49F-5052A51D4D5F}"
EndProject
Project("{9A19103F-16F7-4668-BE54-9A1E7A4F7556}") = "PushMaster", "PushMasterTOS\PushMaster.csproj", "{364DFA50-F65C-4467-A131-23333DEA6732}"
EndProject
Project("{9A19103F-16F7-4668-BE54-9A1E7A4F7556}") = "PushBusOperatorMasterTOS", "PushBusOperatorMasterTOS\PushBusOperatorMasterTOS.csproj", "{E0B331F5-553E-44A8-A6FD-ED3DFE35D0CE}"
EndProject
Project("{9A19103F-16F7-4668-BE54-9A1E7A4F7556}") = "PushVehicleMasterTOS", "PushVehicleMasterTOS\PushVehicleMasterTOS.csproj", "{68F5E7EF-D716-4F0E-850B-99102CA6EB4C}"
EndProject
Project("{9A19103F-16F7-4668-BE54-9A1E7A4F7556}") = "PushRouteMasterTOS", "PushRouteMasterTOS\PushRouteMasterTOS.csproj", "{4E57C103-92AB-4622-82BE-929801B41F98}"
EndProject
Project("{2150E333-8FDC-42A3-9474-1A3956D46DE8}") = "PushTripTOS", "PushTripTOS", "{F52BA3EB-E1A8-4AB4-86A4-05CDF1CD2202}"
EndProject
Project("{9A19103F-16F7-4668-BE54-9A1E7A4F7556}") = "PushTrip", "PushTrip\PushTrip.csproj", "{42AC048D-2F29-4D8B-8C08-A8C951E8172F}"
EndProject
Project("{2150E333-8FDC-42A3-9474-1A3956D46DE8}") = "04. Setting", "04. Setting", "{DDB2FF3C-5A1D-4AED-8B89-063FB9CCB2CA}"
EndProject
Project("{FAE04EC0-301F-11D3-BF4B-00C04F79EFBC}") = "Setting.Configuration", "Setting.Configuration\Setting.Configuration.csproj", "{A676E8B1-28F3-4FB0-8A89-6E24932499AF}"
EndProject
Project("{FAE04EC0-301F-11D3-BF4B-00C04F79EFBC}") = "PushRerunVehicleMasterTOS", "PushRerunVehicleMasterTOS\PushRerunVehicleMasterTOS.csproj", "{0796F0AA-75E6-4B48-AD16-00F464D488BB}"
EndProject
Project("{FAE04EC0-301F-11D3-BF4B-00C04F79EFBC}") = "PushRerunRouteMasterTOS", "PushRerunRouteMasterTOS\PushRerunRouteMasterTOS.csproj", "{27BD1215-2D14-4122-8144-78489169F94D}"
EndProject
Global
	GlobalSection(SolutionConfigurationPlatforms) = preSolution
		Debug|Any CPU = Debug|Any CPU
		Development|Any CPU = Development|Any CPU
		Release|Any CPU = Release|Any CPU
	EndGlobalSection
	GlobalSection(ProjectConfigurationPlatforms) = postSolution
		{B61072B4-E913-5374-374D-AA66EF273E9E}.Debug|Any CPU.ActiveCfg = Development
		{B61072B4-E913-5374-374D-AA66EF273E9E}.Debug|Any CPU.Build.0 = Development
		{B61072B4-E913-5374-374D-AA66EF273E9E}.Development|Any CPU.ActiveCfg = Development
		{B61072B4-E913-5374-374D-AA66EF273E9E}.Development|Any CPU.Build.0 = Development
		{B61072B4-E913-5374-374D-AA66EF273E9E}.Release|Any CPU.ActiveCfg = Development
		{B61072B4-E913-5374-374D-AA66EF273E9E}.Release|Any CPU.Build.0 = Development
		{2A6A4DD5-A080-4EDA-A232-AA028862B2BB}.Debug|Any CPU.ActiveCfg = Debug|Any CPU
		{2A6A4DD5-A080-4EDA-A232-AA028862B2BB}.Debug|Any CPU.Build.0 = Debug|Any CPU
		{2A6A4DD5-A080-4EDA-A232-AA028862B2BB}.Development|Any CPU.ActiveCfg = Release|Any CPU
		{2A6A4DD5-A080-4EDA-A232-AA028862B2BB}.Development|Any CPU.Build.0 = Release|Any CPU
		{2A6A4DD5-A080-4EDA-A232-AA028862B2BB}.Release|Any CPU.ActiveCfg = Release|Any CPU
		{2A6A4DD5-A080-4EDA-A232-AA028862B2BB}.Release|Any CPU.Build.0 = Release|Any CPU
		{01AB7211-D791-4561-92BC-CFA4A185C7AA}.Debug|Any CPU.ActiveCfg = Debug|Any CPU
		{01AB7211-D791-4561-92BC-CFA4A185C7AA}.Debug|Any CPU.Build.0 = Debug|Any CPU
		{01AB7211-D791-4561-92BC-CFA4A185C7AA}.Development|Any CPU.ActiveCfg = Release|Any CPU
		{01AB7211-D791-4561-92BC-CFA4A185C7AA}.Development|Any CPU.Build.0 = Release|Any CPU
		{01AB7211-D791-4561-92BC-CFA4A185C7AA}.Release|Any CPU.ActiveCfg = Release|Any CPU
		{01AB7211-D791-4561-92BC-CFA4A185C7AA}.Release|Any CPU.Build.0 = Release|Any CPU
		{71647C25-A0E8-4101-82AE-C99AD26E8B0B}.Debug|Any CPU.ActiveCfg = Debug|Any CPU
		{71647C25-A0E8-4101-82AE-C99AD26E8B0B}.Debug|Any CPU.Build.0 = Debug|Any CPU
		{71647C25-A0E8-4101-82AE-C99AD26E8B0B}.Development|Any CPU.ActiveCfg = Release|Any CPU
		{71647C25-A0E8-4101-82AE-C99AD26E8B0B}.Development|Any CPU.Build.0 = Release|Any CPU
		{71647C25-A0E8-4101-82AE-C99AD26E8B0B}.Release|Any CPU.ActiveCfg = Release|Any CPU
		{71647C25-A0E8-4101-82AE-C99AD26E8B0B}.Release|Any CPU.Build.0 = Release|Any CPU
		{95CB715C-ABC2-430F-AD8E-34A933E42A2F}.Debug|Any CPU.ActiveCfg = Debug|Any CPU
		{95CB715C-ABC2-430F-AD8E-34A933E42A2F}.Debug|Any CPU.Build.0 = Debug|Any CPU
		{95CB715C-ABC2-430F-AD8E-34A933E42A2F}.Development|Any CPU.ActiveCfg = Release|Any CPU
		{95CB715C-ABC2-430F-AD8E-34A933E42A2F}.Development|Any CPU.Build.0 = Release|Any CPU
		{95CB715C-ABC2-430F-AD8E-34A933E42A2F}.Release|Any CPU.ActiveCfg = Release|Any CPU
		{95CB715C-ABC2-430F-AD8E-34A933E42A2F}.Release|Any CPU.Build.0 = Release|Any CPU
		{5C021738-0AB4-47D4-BD92-712214C3A34D}.Debug|Any CPU.ActiveCfg = Debug|Any CPU
		{5C021738-0AB4-47D4-BD92-712214C3A34D}.Debug|Any CPU.Build.0 = Debug|Any CPU
		{5C021738-0AB4-47D4-BD92-712214C3A34D}.Development|Any CPU.ActiveCfg = Release|Any CPU
		{5C021738-0AB4-47D4-BD92-712214C3A34D}.Development|Any CPU.Build.0 = Release|Any CPU
		{5C021738-0AB4-47D4-BD92-712214C3A34D}.Release|Any CPU.ActiveCfg = Release|Any CPU
		{5C021738-0AB4-47D4-BD92-712214C3A34D}.Release|Any CPU.Build.0 = Release|Any CPU
		{364DFA50-F65C-4467-A131-23333DEA6732}.Debug|Any CPU.ActiveCfg = Debug|Any CPU
		{364DFA50-F65C-4467-A131-23333DEA6732}.Debug|Any CPU.Build.0 = Debug|Any CPU
		{364DFA50-F65C-4467-A131-23333DEA6732}.Development|Any CPU.ActiveCfg = Release|Any CPU
		{364DFA50-F65C-4467-A131-23333DEA6732}.Development|Any CPU.Build.0 = Release|Any CPU
		{364DFA50-F65C-4467-A131-23333DEA6732}.Release|Any CPU.ActiveCfg = Release|Any CPU
		{364DFA50-F65C-4467-A131-23333DEA6732}.Release|Any CPU.Build.0 = Release|Any CPU
		{E0B331F5-553E-44A8-A6FD-ED3DFE35D0CE}.Debug|Any CPU.ActiveCfg = Debug|Any CPU
		{E0B331F5-553E-44A8-A6FD-ED3DFE35D0CE}.Debug|Any CPU.Build.0 = Debug|Any CPU
		{E0B331F5-553E-44A8-A6FD-ED3DFE35D0CE}.Development|Any CPU.ActiveCfg = Release|Any CPU
		{E0B331F5-553E-44A8-A6FD-ED3DFE35D0CE}.Development|Any CPU.Build.0 = Release|Any CPU
		{E0B331F5-553E-44A8-A6FD-ED3DFE35D0CE}.Release|Any CPU.ActiveCfg = Release|Any CPU
		{E0B331F5-553E-44A8-A6FD-ED3DFE35D0CE}.Release|Any CPU.Build.0 = Release|Any CPU
		{68F5E7EF-D716-4F0E-850B-99102CA6EB4C}.Debug|Any CPU.ActiveCfg = Debug|Any CPU
		{68F5E7EF-D716-4F0E-850B-99102CA6EB4C}.Debug|Any CPU.Build.0 = Debug|Any CPU
		{68F5E7EF-D716-4F0E-850B-99102CA6EB4C}.Development|Any CPU.ActiveCfg = Release|Any CPU
		{68F5E7EF-D716-4F0E-850B-99102CA6EB4C}.Development|Any CPU.Build.0 = Release|Any CPU
		{68F5E7EF-D716-4F0E-850B-99102CA6EB4C}.Release|Any CPU.ActiveCfg = Release|Any CPU
		{68F5E7EF-D716-4F0E-850B-99102CA6EB4C}.Release|Any CPU.Build.0 = Release|Any CPU
		{4E57C103-92AB-4622-82BE-929801B41F98}.Debug|Any CPU.ActiveCfg = Debug|Any CPU
		{4E57C103-92AB-4622-82BE-929801B41F98}.Debug|Any CPU.Build.0 = Debug|Any CPU
		{4E57C103-92AB-4622-82BE-929801B41F98}.Development|Any CPU.ActiveCfg = Release|Any CPU
		{4E57C103-92AB-4622-82BE-929801B41F98}.Development|Any CPU.Build.0 = Release|Any CPU
		{4E57C103-92AB-4622-82BE-929801B41F98}.Release|Any CPU.ActiveCfg = Release|Any CPU
		{4E57C103-92AB-4622-82BE-929801B41F98}.Release|Any CPU.Build.0 = Release|Any CPU
		{42AC048D-2F29-4D8B-8C08-A8C951E8172F}.Debug|Any CPU.ActiveCfg = Debug|Any CPU
		{42AC048D-2F29-4D8B-8C08-A8C951E8172F}.Debug|Any CPU.Build.0 = Debug|Any CPU
		{42AC048D-2F29-4D8B-8C08-A8C951E8172F}.Development|Any CPU.ActiveCfg = Debug|Any CPU
		{42AC048D-2F29-4D8B-8C08-A8C951E8172F}.Development|Any CPU.Build.0 = Debug|Any CPU
		{42AC048D-2F29-4D8B-8C08-A8C951E8172F}.Release|Any CPU.ActiveCfg = Release|Any CPU
		{42AC048D-2F29-4D8B-8C08-A8C951E8172F}.Release|Any CPU.Build.0 = Release|Any CPU
		{A676E8B1-28F3-4FB0-8A89-6E24932499AF}.Debug|Any CPU.ActiveCfg = Debug|Any CPU
		{A676E8B1-28F3-4FB0-8A89-6E24932499AF}.Debug|Any CPU.Build.0 = Debug|Any CPU
		{A676E8B1-28F3-4FB0-8A89-6E24932499AF}.Development|Any CPU.ActiveCfg = Debug|Any CPU
		{A676E8B1-28F3-4FB0-8A89-6E24932499AF}.Development|Any CPU.Build.0 = Debug|Any CPU
		{A676E8B1-28F3-4FB0-8A89-6E24932499AF}.Release|Any CPU.ActiveCfg = Release|Any CPU
		{A676E8B1-28F3-4FB0-8A89-6E24932499AF}.Release|Any CPU.Build.0 = Release|Any CPU
		{0796F0AA-75E6-4B48-AD16-00F464D488BB}.Debug|Any CPU.ActiveCfg = Debug|Any CPU
		{0796F0AA-75E6-4B48-AD16-00F464D488BB}.Debug|Any CPU.Build.0 = Debug|Any CPU
		{0796F0AA-75E6-4B48-AD16-00F464D488BB}.Development|Any CPU.ActiveCfg = Release|Any CPU
		{0796F0AA-75E6-4B48-AD16-00F464D488BB}.Development|Any CPU.Build.0 = Release|Any CPU
		{0796F0AA-75E6-4B48-AD16-00F464D488BB}.Release|Any CPU.ActiveCfg = Release|Any CPU
		{0796F0AA-75E6-4B48-AD16-00F464D488BB}.Release|Any CPU.Build.0 = Release|Any CPU
		{27BD1215-2D14-4122-8144-78489169F94D}.Debug|Any CPU.ActiveCfg = Debug|Any CPU
		{27BD1215-2D14-4122-8144-78489169F94D}.Debug|Any CPU.Build.0 = Debug|Any CPU
		{27BD1215-2D14-4122-8144-78489169F94D}.Development|Any CPU.ActiveCfg = Release|Any CPU
		{27BD1215-2D14-4122-8144-78489169F94D}.Development|Any CPU.Build.0 = Release|Any CPU
		{27BD1215-2D14-4122-8144-78489169F94D}.Release|Any CPU.ActiveCfg = Release|Any CPU
		{27BD1215-2D14-4122-8144-78489169F94D}.Release|Any CPU.Build.0 = Release|Any CPU
	EndGlobalSection
	GlobalSection(SolutionProperties) = preSolution
		HideSolutionNode = FALSE
	EndGlobalSection
	GlobalSection(NestedProjects) = preSolution
		{2A6A4DD5-A080-4EDA-A232-AA028862B2BB} = {02EA681E-C7D8-13C7-8484-4AC65E1B71E8}
		{01AB7211-D791-4561-92BC-CFA4A185C7AA} = {02EA681E-C7D8-13C7-8484-4AC65E1B71E8}
		{95CB715C-ABC2-430F-AD8E-34A933E42A2F} = {11023177-B01F-46BC-8B73-BA941F20F15E}
		{D84A1EEA-4E19-4F27-A49F-5052A51D4D5F} = {2808DC71-92D4-4B50-B6CB-FCF35BC59919}
		{364DFA50-F65C-4467-A131-23333DEA6732} = {D84A1EEA-4E19-4F27-A49F-5052A51D4D5F}
		{F52BA3EB-E1A8-4AB4-86A4-05CDF1CD2202} = {2808DC71-92D4-4B50-B6CB-FCF35BC59919}
		{42AC048D-2F29-4D8B-8C08-A8C951E8172F} = {F52BA3EB-E1A8-4AB4-86A4-05CDF1CD2202}
		{A676E8B1-28F3-4FB0-8A89-6E24932499AF} = {DDB2FF3C-5A1D-4AED-8B89-063FB9CCB2CA}
	EndGlobalSection
	GlobalSection(ExtensibilityGlobals) = postSolution
		SolutionGuid = {BBC48448-C330-4BD8-8AD4-B9A44708DE18}
	EndGlobalSection
EndGlobal
