
Microsoft Visual Studio Solution File, Format Version 12.00
# Visual Studio Version 17
VisualStudioVersion = 17.14.36401.2
MinimumVisualStudioVersion = 10.0.40219.1
Project("{C9674DCB-5085-4A16-B785-4C70DD1589BD}") = "TBSMigration", "TBSMigration.dtproj", "{B61072B4-E913-5374-374D-AA66EF273E9E}"
EndProject
Project("{2150E333-8FDC-42A3-9474-1A3956D46DE8}") = "01. Plugin", "01. Plugin", "{02EA681E-C7D8-13C7-8484-4AC65E1B71E8}"
EndProject
Project("{FAE04EC0-301F-11D3-BF4B-00C04F79EFBC}") = "Plugin.Logging", "Plugin.Logging\Plugin.Logging.csproj", "{2A6A4DD5-A080-4EDA-A232-AA028862B2BB}"
EndProject
Project("{FAE04EC0-301F-11D3-BF4B-00C04F79EFBC}") = "Plugin.SqlTool", "Plugin.SqlTool\Plugin.SqlTool.csproj", "{01AB7211-D791-4561-92BC-CFA4A185C7AA}"
EndProject
Project("{FAE04EC0-301F-11D3-BF4B-00C04F79EFBC}") = "PushStateCityMasterTOS", "PushStateCityMasterTOS\PushStateCityMasterTOS.csproj", "{71647C25-A0E8-4101-82AE-C99AD26E8B0B}"
EndProject
Project("{2150E333-8FDC-42A3-9474-1A3956D46DE8}") = "02. Service", "02. Service", "{2808DC71-92D4-4B50-B6CB-FCF35BC59919}"
EndProject
Project("{2150E333-8FDC-42A3-9474-1A3956D46DE8}") = "03. Constant", "03. Constant", "{11023177-B01F-46BC-8B73-BA941F20F15E}"
EndProject
Project("{FAE04EC0-301F-11D3-BF4B-00C04F79EFBC}") = "Constant", "Constant\Constant.csproj", "{95CB715C-ABC2-430F-AD8E-34A933E42A2F}"
EndProject
Project("{FAE04EC0-301F-11D3-BF4B-00C04F79EFBC}") = "PushTripTOS", "PushTripTOS\PushTripTOS.csproj", "{5C021738-0AB4-47D4-BD92-712214C3A34D}"
EndProject
Project("{2150E333-8FDC-42A3-9474-1A3956D46DE8}") = "PushMasterTOS", "PushMasterTOS", "{D84A1EEA-4E19-4F27-A49F-5052A51D4D5F}"
EndProject
Project("{FAE04EC0-301F-11D3-BF4B-00C04F79EFBC}") = "PushMaster", "PushMasterTOS\PushMaster.csproj", "{364DFA50-F65C-4467-A131-23333DEA6732}"
EndProject
Project("{FAE04EC0-301F-11D3-BF4B-00C04F79EFBC}") = "PushBusOperatorMasterTOS", "PushBusOperatorMasterTOS\PushBusOperatorMasterTOS.csproj", "{E0B331F5-553E-44A8-A6FD-ED3DFE35D0CE}"
EndProject
Project("{FAE04EC0-301F-11D3-BF4B-00C04F79EFBC}") = "PushVehicleMasterTOS", "PushVehicleMasterTOS\PushVehicleMasterTOS.csproj", "{68F5E7EF-D716-4F0E-850B-99102CA6EB4C}"
EndProject
Project("{FAE04EC0-301F-11D3-BF4B-00C04F79EFBC}") = "PushRouteMasterTOS", "PushRouteMasterTOS\PushRouteMasterTOS.csproj", "{4E57C103-92AB-4622-82BE-929801B41F98}"
EndProject
Global
	GlobalSection(SolutionConfigurationPlatforms) = preSolution
		Debug|Any CPU = Debug|Any CPU
		Development|Any CPU = Development|Any CPU
		Release|Any CPU = Release|Any CPU
	EndGlobalSection
	GlobalSection(ProjectConfigurationPlatforms) = postSolution
		{B61072B4-E913-5374-374D-AA66EF273E9E}.Debug|Any CPU.ActiveCfg = Development
		{B61072B4-E913-5374-374D-AA66EF273E9E}.Debug|Any CPU.Build.0 = Development
		{B61072B4-E913-5374-374D-AA66EF273E9E}.Development|Any CPU.ActiveCfg = Development
		{B61072B4-E913-5374-374D-AA66EF273E9E}.Development|Any CPU.Build.0 = Development
		{B61072B4-E913-5374-374D-AA66EF273E9E}.Release|Any CPU.ActiveCfg = Development
		{B61072B4-E913-5374-374D-AA66EF273E9E}.Release|Any CPU.Build.0 = Development
		{2A6A4DD5-A080-4EDA-A232-AA028862B2BB}.Debug|Any CPU.ActiveCfg = Debug|Any CPU
		{2A6A4DD5-A080-4EDA-A232-AA028862B2BB}.Debug|Any CPU.Build.0 = Debug|Any CPU
		{2A6A4DD5-A080-4EDA-A232-AA028862B2BB}.Development|Any CPU.ActiveCfg = Release|Any CPU
		{2A6A4DD5-A080-4EDA-A232-AA028862B2BB}.Development|Any CPU.Build.0 = Release|Any CPU
		{2A6A4DD5-A080-4EDA-A232-AA028862B2BB}.Release|Any CPU.ActiveCfg = Release|Any CPU
		{2A6A4DD5-A080-4EDA-A232-AA028862B2BB}.Release|Any CPU.Build.0 = Release|Any CPU
		{01AB7211-D791-4561-92BC-CFA4A185C7AA}.Debug|Any CPU.ActiveCfg = Debug|Any CPU
		{01AB7211-D791-4561-92BC-CFA4A185C7AA}.Debug|Any CPU.Build.0 = Debug|Any CPU
		{01AB7211-D791-4561-92BC-CFA4A185C7AA}.Development|Any CPU.ActiveCfg = Release|Any CPU
		{01AB7211-D791-4561-92BC-CFA4A185C7AA}.Development|Any CPU.Build.0 = Release|Any CPU
		{01AB7211-D791-4561-92BC-CFA4A185C7AA}.Release|Any CPU.ActiveCfg = Release|Any CPU
		{01AB7211-D791-4561-92BC-CFA4A185C7AA}.Release|Any CPU.Build.0 = Release|Any CPU
		{71647C25-A0E8-4101-82AE-C99AD26E8B0B}.Debug|Any CPU.ActiveCfg = Debug|Any CPU
		{71647C25-A0E8-4101-82AE-C99AD26E8B0B}.Debug|Any CPU.Build.0 = Debug|Any CPU
		{71647C25-A0E8-4101-82AE-C99AD26E8B0B}.Development|Any CPU.ActiveCfg = Release|Any CPU
		{71647C25-A0E8-4101-82AE-C99AD26E8B0B}.Development|Any CPU.Build.0 = Release|Any CPU
		{71647C25-A0E8-4101-82AE-C99AD26E8B0B}.Release|Any CPU.ActiveCfg = Release|Any CPU
		{71647C25-A0E8-4101-82AE-C99AD26E8B0B}.Release|Any CPU.Build.0 = Release|Any CPU
		{95CB715C-ABC2-430F-AD8E-34A933E42A2F}.Debug|Any CPU.ActiveCfg = Debug|Any CPU
		{95CB715C-ABC2-430F-AD8E-34A933E42A2F}.Debug|Any CPU.Build.0 = Debug|Any CPU
		{95CB715C-ABC2-430F-AD8E-34A933E42A2F}.Development|Any CPU.ActiveCfg = Release|Any CPU
		{95CB715C-ABC2-430F-AD8E-34A933E42A2F}.Development|Any CPU.Build.0 = Release|Any CPU
		{95CB715C-ABC2-430F-AD8E-34A933E42A2F}.Release|Any CPU.ActiveCfg = Release|Any CPU
		{95CB715C-ABC2-430F-AD8E-34A933E42A2F}.Release|Any CPU.Build.0 = Release|Any CPU
		{5C021738-0AB4-47D4-BD92-712214C3A34D}.Debug|Any CPU.ActiveCfg = Debug|Any CPU
		{5C021738-0AB4-47D4-BD92-712214C3A34D}.Debug|Any CPU.Build.0 = Debug|Any CPU
		{5C021738-0AB4-47D4-BD92-712214C3A34D}.Development|Any CPU.ActiveCfg = Release|Any CPU
		{5C021738-0AB4-47D4-BD92-712214C3A34D}.Development|Any CPU.Build.0 = Release|Any CPU
		{5C021738-0AB4-47D4-BD92-712214C3A34D}.Release|Any CPU.ActiveCfg = Release|Any CPU
		{5C021738-0AB4-47D4-BD92-712214C3A34D}.Release|Any CPU.Build.0 = Release|Any CPU
		{364DFA50-F65C-4467-A131-23333DEA6732}.Debug|Any CPU.ActiveCfg = Debug|Any CPU
		{364DFA50-F65C-4467-A131-23333DEA6732}.Debug|Any CPU.Build.0 = Debug|Any CPU
		{364DFA50-F65C-4467-A131-23333DEA6732}.Development|Any CPU.ActiveCfg = Release|Any CPU
		{364DFA50-F65C-4467-A131-23333DEA6732}.Development|Any CPU.Build.0 = Release|Any CPU
		{364DFA50-F65C-4467-A131-23333DEA6732}.Release|Any CPU.ActiveCfg = Release|Any CPU
		{364DFA50-F65C-4467-A131-23333DEA6732}.Release|Any CPU.Build.0 = Release|Any CPU
		{E0B331F5-553E-44A8-A6FD-ED3DFE35D0CE}.Debug|Any CPU.ActiveCfg = Debug|Any CPU
		{E0B331F5-553E-44A8-A6FD-ED3DFE35D0CE}.Debug|Any CPU.Build.0 = Debug|Any CPU
		{E0B331F5-553E-44A8-A6FD-ED3DFE35D0CE}.Development|Any CPU.ActiveCfg = Release|Any CPU
		{E0B331F5-553E-44A8-A6FD-ED3DFE35D0CE}.Development|Any CPU.Build.0 = Release|Any CPU
		{E0B331F5-553E-44A8-A6FD-ED3DFE35D0CE}.Release|Any CPU.ActiveCfg = Release|Any CPU
		{E0B331F5-553E-44A8-A6FD-ED3DFE35D0CE}.Release|Any CPU.Build.0 = Release|Any CPU
		{68F5E7EF-D716-4F0E-850B-99102CA6EB4C}.Debug|Any CPU.ActiveCfg = Debug|Any CPU
		{68F5E7EF-D716-4F0E-850B-99102CA6EB4C}.Debug|Any CPU.Build.0 = Debug|Any CPU
		{68F5E7EF-D716-4F0E-850B-99102CA6EB4C}.Development|Any CPU.ActiveCfg = Release|Any CPU
		{68F5E7EF-D716-4F0E-850B-99102CA6EB4C}.Development|Any CPU.Build.0 = Release|Any CPU
		{68F5E7EF-D716-4F0E-850B-99102CA6EB4C}.Release|Any CPU.ActiveCfg = Release|Any CPU
		{68F5E7EF-D716-4F0E-850B-99102CA6EB4C}.Release|Any CPU.Build.0 = Release|Any CPU
		{4E57C103-92AB-4622-82BE-929801B41F98}.Debug|Any CPU.ActiveCfg = Debug|Any CPU
		{4E57C103-92AB-4622-82BE-929801B41F98}.Debug|Any CPU.Build.0 = Debug|Any CPU
		{4E57C103-92AB-4622-82BE-929801B41F98}.Development|Any CPU.ActiveCfg = Release|Any CPU
		{4E57C103-92AB-4622-82BE-929801B41F98}.Development|Any CPU.Build.0 = Release|Any CPU
		{4E57C103-92AB-4622-82BE-929801B41F98}.Release|Any CPU.ActiveCfg = Release|Any CPU
		{4E57C103-92AB-4622-82BE-929801B41F98}.Release|Any CPU.Build.0 = Release|Any CPU
	EndGlobalSection
	GlobalSection(SolutionProperties) = preSolution
		HideSolutionNode = FALSE
	EndGlobalSection
	GlobalSection(NestedProjects) = preSolution
		{2A6A4DD5-A080-4EDA-A232-AA028862B2BB} = {02EA681E-C7D8-13C7-8484-4AC65E1B71E8}
		{01AB7211-D791-4561-92BC-CFA4A185C7AA} = {02EA681E-C7D8-13C7-8484-4AC65E1B71E8}
		{95CB715C-ABC2-430F-AD8E-34A933E42A2F} = {11023177-B01F-46BC-8B73-BA941F20F15E}
		{D84A1EEA-4E19-4F27-A49F-5052A51D4D5F} = {2808DC71-92D4-4B50-B6CB-FCF35BC59919}
		{364DFA50-F65C-4467-A131-23333DEA6732} = {D84A1EEA-4E19-4F27-A49F-5052A51D4D5F}
	EndGlobalSection
	GlobalSection(ExtensibilityGlobals) = postSolution
		SolutionGuid = {BBC48448-C330-4BD8-8AD4-B9A44708DE18}
	EndGlobalSection
EndGlobal
